{
  "object": {
    "pins": [
      {
        "package": "Kingfisher",
        "repositoryURL": "https://github.com/onevcat/Kingfisher.git",
        "state": {
          "branch": null,
          "revision": "44450a8f564d7c0165f736ba2250649ff8d3e556",
          "version": "6.3.0"
        }
      },
      {
        "package": "Sentry",
        "repositoryURL": "https://github.com/getsentry/sentry-cocoa.git",
        "state": {
          "branch": "master",
          "revision": "1c66e0c044b379855d2bcce3cc15f29195ae26c3",
          "version": null
        }
      },
      {
        "package": "JSON",
        "repositoryURL": "https://github.com/grsouza/swift-json",
        "state": {
          "branch": "main",
          "revision": "a4c641421ea495dff23398feb14b991ba63d4062",
          "version": null
        }
      },
      {
        "package": "Logger",
        "repositoryURL": "https://github.com/nativedevbr/swift-log.git",
        "state": {
          "branch": "main",
          "revision": "0bcf110c49195994c3df8aa5b594477df40c6135",
          "version": null
        }
      },
      {
        "package": "SnapshotTesting",
        "repositoryURL": "https://github.com/pointfreeco/swift-snapshot-testing.git",
        "state": {
          "branch": null,
          "revision": "f8a9c997c3c1dab4e216a8ec9014e23144cbab37",
          "version": "1.9.0"
        }
      },
      {
        "package": "Sqlite",
        "repositoryURL": "https://github.com/grsouza/swift-sqlite",
        "state": {
          "branch": "main",
          "revision": "d074e00f482f6b08510bb256f5eda5b76279f64c",
          "version": null
        }
      },
      {
        "package": "swift-tagged",
        "repositoryURL": "https://github.com/pointfreeco/swift-tagged",
        "state": {
          "branch": null,
          "revision": "6c36cf66f58553d0481a2628e3e27177f698a897",
          "version": "0.6.0"
        }
      },
      {
        "package": "TinyConstraints",
        "repositoryURL": "https://github.com/roberthein/TinyConstraints",
        "state": {
          "branch": null,
          "revision": "f413ea53b886de81b925eeb37a14538fe6ae4912",
          "version": "4.0.1"
        }
      }
    ]
  },
  "version": 1
}
